
Microsoft Visual Studio Solution File, Format Version 12.00
# Visual Studio Version 16
VisualStudioVersion = 16.0.30002.166
MinimumVisualStudioVersion = 10.0.40219.1
Project("{FAE04EC0-301F-11D3-BF4B-00C04F79EFBC}") = "ApiNovine.DataAccess", "ApiNovine.DataAccess\ApiNovine.DataAccess.csproj", "{905CEEB5-40E0-4A2B-8233-9A9752F9796B}"
EndProject
Project("{FAE04EC0-301F-11D3-BF4B-00C04F79EFBC}") = "ApiNovine.Domain", "ApiNovine.Domain\ApiNovine.Domain.csproj", "{834AF74A-7923-4D22-97A7-75F62EA6B4CF}"
EndProject
Project("{FAE04EC0-301F-11D3-BF4B-00C04F79EFBC}") = "ApiNovine.Implementation", "ApiNovine.Implementation\ApiNovine.Implementation.csproj", "{76649277-FE04-4404-B29A-5B24BB40A2A8}"
EndProject
Project("{FAE04EC0-301F-11D3-BF4B-00C04F79EFBC}") = "ApiNovine.Application", "ApiNovine.Application\ApiNovine.Application.csproj", "{3DCEF992-0375-47CD-93B0-0F27A860C6DB}"
EndProject
Project("{FAE04EC0-301F-11D3-BF4B-00C04F79EFBC}") = "NovineApi", "NovineApi\NovineApi.csproj", "{1E4D08B8-4ED8-4910-B3CE-4778C88C2CEE}"
EndProject
Global
	GlobalSection(SolutionConfigurationPlatforms) = preSolution
		Debug|Any CPU = Debug|Any CPU
		Release|Any CPU = Release|Any CPU
	EndGlobalSection
	GlobalSection(ProjectConfigurationPlatforms) = postSolution
		{905CEEB5-40E0-4A2B-8233-9A9752F9796B}.Debug|Any CPU.ActiveCfg = Debug|Any CPU
		{905CEEB5-40E0-4A2B-8233-9A9752F9796B}.Debug|Any CPU.Build.0 = Debug|Any CPU
		{905CEEB5-40E0-4A2B-8233-9A9752F9796B}.Release|Any CPU.ActiveCfg = Release|Any CPU
		{905CEEB5-40E0-4A2B-8233-9A9752F9796B}.Release|Any CPU.Build.0 = Release|Any CPU
		{834AF74A-7923-4D22-97A7-75F62EA6B4CF}.Debug|Any CPU.ActiveCfg = Debug|Any CPU
		{834AF74A-7923-4D22-97A7-75F62EA6B4CF}.Debug|Any CPU.Build.0 = Debug|Any CPU
		{834AF74A-7923-4D22-97A7-75F62EA6B4CF}.Release|Any CPU.ActiveCfg = Release|Any CPU
		{834AF74A-7923-4D22-97A7-75F62EA6B4CF}.Release|Any CPU.Build.0 = Release|Any CPU
		{76649277-FE04-4404-B29A-5B24BB40A2A8}.Debug|Any CPU.ActiveCfg = Debug|Any CPU
		{76649277-FE04-4404-B29A-5B24BB40A2A8}.Debug|Any CPU.Build.0 = Debug|Any CPU
		{76649277-FE04-4404-B29A-5B24BB40A2A8}.Release|Any CPU.ActiveCfg = Release|Any CPU
		{76649277-FE04-4404-B29A-5B24BB40A2A8}.Release|Any CPU.Build.0 = Release|Any CPU
		{3DCEF992-0375-47CD-93B0-0F27A860C6DB}.Debug|Any CPU.ActiveCfg = Debug|Any CPU
		{3DCEF992-0375-47CD-93B0-0F27A860C6DB}.Debug|Any CPU.Build.0 = Debug|Any CPU
		{3DCEF992-0375-47CD-93B0-0F27A860C6DB}.Release|Any CPU.ActiveCfg = Release|Any CPU
		{3DCEF992-0375-47CD-93B0-0F27A860C6DB}.Release|Any CPU.Build.0 = Release|Any CPU
		{1E4D08B8-4ED8-4910-B3CE-4778C88C2CEE}.Debug|Any CPU.ActiveCfg = Debug|Any CPU
		{1E4D08B8-4ED8-4910-B3CE-4778C88C2CEE}.Debug|Any CPU.Build.0 = Debug|Any CPU
		{1E4D08B8-4ED8-4910-B3CE-4778C88C2CEE}.Release|Any CPU.ActiveCfg = Release|Any CPU
		{1E4D08B8-4ED8-4910-B3CE-4778C88C2CEE}.Release|Any CPU.Build.0 = Release|Any CPU
	EndGlobalSection
	GlobalSection(SolutionProperties) = preSolution
		HideSolutionNode = FALSE
	EndGlobalSection
	GlobalSection(ExtensibilityGlobals) = postSolution
		SolutionGuid = {FD29462B-0366-4CF3-94C8-5B51678AD16D}
	EndGlobalSection
EndGlobal
